
Microsoft Visual Studio Solution File, Format Version 12.00
# Visual Studio Version 17
VisualStudioVersion = 17.10.35004.147
MinimumVisualStudioVersion = 10.0.40219.1
Project("{9A19103F-16F7-4668-BE54-9A1E7A4F7556}") = "ThamCoCustomerProductService", "ThamCoCustomerProductService\ThamCoCustomerProductService.csproj", "{F3575040-7ACA-47B2-81B1-A795447AA763}"
EndProject
Project("{FAE04EC0-301F-11D3-BF4B-00C04F79EFBC}") = "ThamCoCustomerProductService.Tests", "ThamCoCustomerProductServiceTest\ThamCoCustomerProductService.Tests.csproj", "{9D6E8294-652E-470D-BC2B-85D52AE8A3FB}"
EndProject
Global
	GlobalSection(SolutionConfigurationPlatforms) = preSolution
		Debug|Any CPU = Debug|Any CPU
		Release|Any CPU = Release|Any CPU
	EndGlobalSection
	GlobalSection(ProjectConfigurationPlatforms) = postSolution
		{F3575040-7ACA-47B2-81B1-A795447AA763}.Debug|Any CPU.ActiveCfg = Debug|Any CPU
		{F3575040-7ACA-47B2-81B1-A795447AA763}.Debug|Any CPU.Build.0 = Debug|Any CPU
		{F3575040-7ACA-47B2-81B1-A795447AA763}.Release|Any CPU.ActiveCfg = Release|Any CPU
		{F3575040-7ACA-47B2-81B1-A795447AA763}.Release|Any CPU.Build.0 = Release|Any CPU
		{9D6E8294-652E-470D-BC2B-85D52AE8A3FB}.Debug|Any CPU.ActiveCfg = Debug|Any CPU
		{9D6E8294-652E-470D-BC2B-85D52AE8A3FB}.Debug|Any CPU.Build.0 = Debug|Any CPU
		{9D6E8294-652E-470D-BC2B-85D52AE8A3FB}.Release|Any CPU.ActiveCfg = Release|Any CPU
		{9D6E8294-652E-470D-BC2B-85D52AE8A3FB}.Release|Any CPU.Build.0 = Release|Any CPU
	EndGlobalSection
	GlobalSection(SolutionProperties) = preSolution
		HideSolutionNode = FALSE
	EndGlobalSection
	GlobalSection(ExtensibilityGlobals) = postSolution
		SolutionGuid = {445FB2D4-D852-495C-B5CB-481AE9471980}
	EndGlobalSection
EndGlobal
